
Microsoft Visual Studio Solution File, Format Version 12.00
# Visual Studio Version 17
VisualStudioVersion = 17.0.31912.275
MinimumVisualStudioVersion = 10.0.40219.1
Project("{FAE04EC0-301F-11D3-BF4B-00C04F79EFBC}") = "opgave 3.6", "opgave 3.6\opgave 3.6.csproj", "{09A9AC36-06C2-47EB-B3DB-29F3F287BACC}"
EndProject
Global
	GlobalSection(SolutionConfigurationPlatforms) = preSolution
		Debug|Any CPU = Debug|Any CPU
		Release|Any CPU = Release|Any CPU
	EndGlobalSection
	GlobalSection(ProjectConfigurationPlatforms) = postSolution
		{09A9AC36-06C2-47EB-B3DB-29F3F287BACC}.Debug|Any CPU.ActiveCfg = Debug|Any CPU
		{09A9AC36-06C2-47EB-B3DB-29F3F287BACC}.Debug|Any CPU.Build.0 = Debug|Any CPU
		{09A9AC36-06C2-47EB-B3DB-29F3F287BACC}.Release|Any CPU.ActiveCfg = Release|Any CPU
		{09A9AC36-06C2-47EB-B3DB-29F3F287BACC}.Release|Any CPU.Build.0 = Release|Any CPU
	EndGlobalSection
	GlobalSection(SolutionProperties) = preSolution
		HideSolutionNode = FALSE
	EndGlobalSection
	GlobalSection(ExtensibilityGlobals) = postSolution
		SolutionGuid = {88B517B5-DC4C-4F11-ACD1-8998C303D7CA}
	EndGlobalSection
EndGlobal
