
Microsoft Visual Studio Solution File, Format Version 12.00
# Visual Studio Version 17
VisualStudioVersion = 17.0.31912.275
MinimumVisualStudioVersion = 10.0.40219.1
Project("{FAE04EC0-301F-11D3-BF4B-00C04F79EFBC}") = "Opgave 3.2", "Opgave 3.2\Opgave 3.2.csproj", "{3AA7BA73-50EC-4EC0-A411-D90499F8DB8B}"
EndProject
Global
	GlobalSection(SolutionConfigurationPlatforms) = preSolution
		Debug|Any CPU = Debug|Any CPU
		Release|Any CPU = Release|Any CPU
	EndGlobalSection
	GlobalSection(ProjectConfigurationPlatforms) = postSolution
		{3AA7BA73-50EC-4EC0-A411-D90499F8DB8B}.Debug|Any CPU.ActiveCfg = Debug|Any CPU
		{3AA7BA73-50EC-4EC0-A411-D90499F8DB8B}.Debug|Any CPU.Build.0 = Debug|Any CPU
		{3AA7BA73-50EC-4EC0-A411-D90499F8DB8B}.Release|Any CPU.ActiveCfg = Release|Any CPU
		{3AA7BA73-50EC-4EC0-A411-D90499F8DB8B}.Release|Any CPU.Build.0 = Release|Any CPU
	EndGlobalSection
	GlobalSection(SolutionProperties) = preSolution
		HideSolutionNode = FALSE
	EndGlobalSection
	GlobalSection(ExtensibilityGlobals) = postSolution
		SolutionGuid = {E80F7400-F354-4232-9D45-43D50E5BD30A}
	EndGlobalSection
EndGlobal
