
Microsoft Visual Studio Solution File, Format Version 12.00
# Visual Studio Version 17
VisualStudioVersion = 17.0.31912.275
MinimumVisualStudioVersion = 10.0.40219.1
Project("{FAE04EC0-301F-11D3-BF4B-00C04F79EFBC}") = "opgave 3.4", "opgave 3.4\opgave 3.4.csproj", "{743205B8-3299-4134-8654-E6B19E23EEFB}"
EndProject
Global
	GlobalSection(SolutionConfigurationPlatforms) = preSolution
		Debug|Any CPU = Debug|Any CPU
		Release|Any CPU = Release|Any CPU
	EndGlobalSection
	GlobalSection(ProjectConfigurationPlatforms) = postSolution
		{743205B8-3299-4134-8654-E6B19E23EEFB}.Debug|Any CPU.ActiveCfg = Debug|Any CPU
		{743205B8-3299-4134-8654-E6B19E23EEFB}.Debug|Any CPU.Build.0 = Debug|Any CPU
		{743205B8-3299-4134-8654-E6B19E23EEFB}.Release|Any CPU.ActiveCfg = Release|Any CPU
		{743205B8-3299-4134-8654-E6B19E23EEFB}.Release|Any CPU.Build.0 = Release|Any CPU
	EndGlobalSection
	GlobalSection(SolutionProperties) = preSolution
		HideSolutionNode = FALSE
	EndGlobalSection
	GlobalSection(ExtensibilityGlobals) = postSolution
		SolutionGuid = {8BDAAEEE-D9CB-4BAD-9CFF-D4FA14709C50}
	EndGlobalSection
EndGlobal
